# THIS IS AN AUTOGENERATED FILE. DO NOT EDIT THIS FILE DIRECTLY.
# yarn lockfile v1


ace-linters@2.2.0:
  version "2.2.0"
  resolved "https://registry.yarnpkg.com/ace-linters/-/ace-linters-2.2.0.tgz#9b299046733e7d7e61eab71bd9afe7f0f695bed9"
  integrity sha512-IMyXe6FgzU7Hy7ei7Fc9zCfvHfBzByEbfwBCRrxC6bKnD7zprZIFzqYLz/nHbFPCHLPqnNS3xP8b7MwFPYmdiw==
  dependencies:
    vscode-languageserver-protocol "^3.17.5"
    vscode-languageserver-textdocument "^1.0.12"
    vscode-languageserver-types "^3.17.5"

ace-python-ruff-linter@1.2.1:
  version "1.2.1"
  resolved "https://registry.yarnpkg.com/ace-python-ruff-linter/-/ace-python-ruff-linter-1.2.1.tgz#ca614ceded6d36d1c3d8ac2b3171a9c74046aa49"
  integrity sha512-4d+Awt4uA1HPEdPcfjV05goyemLEPf6yz8Y16CKyoHMnkB/G3LHOUDHQJnuIxgYgjnshGZbO+/uggUVCEPNucA==

vscode-jsonrpc@9.0.1:
  version "9.0.1"
  resolved "https://registry.yarnpkg.com/vscode-jsonrpc/-/vscode-jsonrpc-9.0.1.tgz#5e848a4addf004b6337156f7858a006e0838b4f5"
  integrity sha512-rfuA6T75H6m5EkbhtEPzre9pT0HPcDI2MMy4+nPFIBks5J8JBAUHD4tRYSgaBOijIEC7SRkC1kKyXTLqbmh9jw==

vscode-languageserver-protocol@^3.17.5:
  version "3.18.2"
  resolved "https://registry.yarnpkg.com/vscode-languageserver-protocol/-/vscode-languageserver-protocol-3.18.2.tgz#e7fb36e6ba32bc7ba622257adb78a6126273ddc5"
  integrity sha512-XRyDbT0Pp3sSNti3JmxVEUMySWCSi1hhM+/KUlCy1hV1zmrqpM1OwO12EAki8blhmLuIMpaJrYbo0OzGVfK2Qg==
  dependencies:
    vscode-jsonrpc "9.0.1"
    vscode-languageserver-types "3.18.0"

vscode-languageserver-textdocument@^1.0.12:
  version "1.0.12"
  resolved "https://registry.yarnpkg.com/vscode-languageserver-textdocument/-/vscode-languageserver-textdocument-1.0.12.tgz#457ee04271ab38998a093c68c2342f53f6e4a631"
  integrity sha512-cxWNPesCnQCcMPeenjKKsOCKQZ/L6Tv19DTRIGuLWe32lyzWhihGVJ/rcckZXJxfdKCFvRLS3fpBIsV/ZGX4zA==

vscode-languageserver-types@3.18.0, vscode-languageserver-types@^3.17.5:
  version "3.18.0"
  resolved "https://registry.yarnpkg.com/vscode-languageserver-types/-/vscode-languageserver-types-3.18.0.tgz#132321229604836bab710c97487e6cdafb9bd7bb"
  integrity sha512-8TsGPNMIMiiBdkORgRSvLjuiEIiAFtO+KssmYWxQ+uSVvlf7RjK8YKCOjPzZ+YA04jXEV7+7LvkSmHkhpNS99g==
